
Microsoft Visual Studio Solution File, Format Version 12.00
# Visual Studio 15
VisualStudioVersion = 15.0.28307.1267
MinimumVisualStudioVersion = 10.0.40219.1
Project("{FAE04EC0-301F-11D3-BF4B-00C04F79EFBC}") = "StoreFront.UI.MVC", "..\StoreFront.UI.MVC\StoreFront.UI.MVC.csproj", "{B3E6E736-D06C-4F9A-A8EC-BC6FF21C0768}"
EndProject
Global
	GlobalSection(SolutionConfigurationPlatforms) = preSolution
		Debug|Any CPU = Debug|Any CPU
		Release|Any CPU = Release|Any CPU
	EndGlobalSection
	GlobalSection(ProjectConfigurationPlatforms) = postSolution
		{B3E6E736-D06C-4F9A-A8EC-BC6FF21C0768}.Debug|Any CPU.ActiveCfg = Debug|Any CPU
		{B3E6E736-D06C-4F9A-A8EC-BC6FF21C0768}.Debug|Any CPU.Build.0 = Debug|Any CPU
		{B3E6E736-D06C-4F9A-A8EC-BC6FF21C0768}.Release|Any CPU.ActiveCfg = Release|Any CPU
		{B3E6E736-D06C-4F9A-A8EC-BC6FF21C0768}.Release|Any CPU.Build.0 = Release|Any CPU
	EndGlobalSection
	GlobalSection(SolutionProperties) = preSolution
		HideSolutionNode = FALSE
	EndGlobalSection
	GlobalSection(ExtensibilityGlobals) = postSolution
		SolutionGuid = {878A46FB-0061-45BF-A96B-3AB0D2814377}
	EndGlobalSection
EndGlobal
